
Microsoft Visual Studio Solution File, Format Version 12.00
# Visual Studio Version 16
VisualStudioVersion = 16.0.31515.178
MinimumVisualStudioVersion = 10.0.40219.1
Project("{2150E333-8FDC-42A3-9474-1A3956D46DE8}") = "FrontEnd", "FrontEnd", "{32A90265-CB88-4344-A859-826A4A9630F3}"
EndProject
Project("{9A19103F-16F7-4668-BE54-9A1E7A4F7556}") = "Mango.Web", "FrontEnd\Mango.Web\Mango.Web.csproj", "{F7AA21A4-F229-41B9-9393-0A8F1BFBB087}"
EndProject
Project("{2150E333-8FDC-42A3-9474-1A3956D46DE8}") = "Services", "Services", "{2F705D87-504E-4043-9F54-E09544EE9F9F}"
EndProject
Project("{9A19103F-16F7-4668-BE54-9A1E7A4F7556}") = "Mango.Services.ProductAPI", "Services\Mango.Services.ProductAPI\Mango.Services.ProductAPI.csproj", "{E11696A6-2A0C-4E2A-BD6F-A2B591C577D9}"
EndProject
Project("{9A19103F-16F7-4668-BE54-9A1E7A4F7556}") = "Mango.Services.Identity", "Services\Mango.Services.Identity\Mango.Services.Identity.csproj", "{67384340-1DA2-46F9-8CDF-D48D9C2CA576}"
EndProject
Project("{9A19103F-16F7-4668-BE54-9A1E7A4F7556}") = "Mango.Services.ShoppingCartAPI", "Services\Mango.Services.ShoppingCartAPI\Mango.Services.ShoppingCartAPI.csproj", "{B9534432-E22A-4B39-B3BC-703ACD92C323}"
EndProject
Project("{9A19103F-16F7-4668-BE54-9A1E7A4F7556}") = "Mango.Services.CouponAPI", "Services\Mango.Services.CouponAPI\Mango.Services.CouponAPI.csproj", "{8B9930CC-2626-4CE3-AF4E-FCDABAE741C7}"
EndProject
Project("{2150E333-8FDC-42A3-9474-1A3956D46DE8}") = "Integration", "Integration", "{27A27F86-DE0A-4418-B984-C98CFC7A5EB5}"
EndProject
Project("{9A19103F-16F7-4668-BE54-9A1E7A4F7556}") = "Mango.MessageBus", "Integration\Mango.MessageBus\Mango.MessageBus.csproj", "{26CF5B90-96A2-4273-86B8-8105ACB3BF63}"
EndProject
Project("{9A19103F-16F7-4668-BE54-9A1E7A4F7556}") = "Mango.Services.OrderAPI", "Services\Mango.Services.OrderAPI\Mango.Services.OrderAPI.csproj", "{B65D313B-29A1-4580-AC38-9D03ABD07FDE}"
EndProject
Project("{2150E333-8FDC-42A3-9474-1A3956D46DE8}") = "Payments", "Payments", "{940B8109-90E9-45B8-B2A3-7E2CB560CCA2}"
EndProject
Project("{9A19103F-16F7-4668-BE54-9A1E7A4F7556}") = "PaymentProcessor", "Payments\PaymentProcessor\PaymentProcessor.csproj", "{22B5AD80-9284-4B5B-B166-EE76BBB38051}"
EndProject
Project("{9A19103F-16F7-4668-BE54-9A1E7A4F7556}") = "Mango.Services.PaymentAPI", "Services\Mango.Services.PaymentAPI\Mango.Services.PaymentAPI.csproj", "{6C5874E9-057A-4C5E-AE3E-A8B563758DEA}"
EndProject
Project("{FAE04EC0-301F-11D3-BF4B-00C04F79EFBC}") = "Mango.Services.Email", "Services\Mango.Services.Email\Mango.Services.Email.csproj", "{DF4D260D-1BC7-4D23-85DD-04B9B8435049}"
EndProject
Global
	GlobalSection(SolutionConfigurationPlatforms) = preSolution
		Debug|Any CPU = Debug|Any CPU
		Release|Any CPU = Release|Any CPU
	EndGlobalSection
	GlobalSection(ProjectConfigurationPlatforms) = postSolution
		{F7AA21A4-F229-41B9-9393-0A8F1BFBB087}.Debug|Any CPU.ActiveCfg = Debug|Any CPU
		{F7AA21A4-F229-41B9-9393-0A8F1BFBB087}.Debug|Any CPU.Build.0 = Debug|Any CPU
		{F7AA21A4-F229-41B9-9393-0A8F1BFBB087}.Release|Any CPU.ActiveCfg = Release|Any CPU
		{F7AA21A4-F229-41B9-9393-0A8F1BFBB087}.Release|Any CPU.Build.0 = Release|Any CPU
		{E11696A6-2A0C-4E2A-BD6F-A2B591C577D9}.Debug|Any CPU.ActiveCfg = Debug|Any CPU
		{E11696A6-2A0C-4E2A-BD6F-A2B591C577D9}.Debug|Any CPU.Build.0 = Debug|Any CPU
		{E11696A6-2A0C-4E2A-BD6F-A2B591C577D9}.Release|Any CPU.ActiveCfg = Release|Any CPU
		{E11696A6-2A0C-4E2A-BD6F-A2B591C577D9}.Release|Any CPU.Build.0 = Release|Any CPU
		{67384340-1DA2-46F9-8CDF-D48D9C2CA576}.Debug|Any CPU.ActiveCfg = Debug|Any CPU
		{67384340-1DA2-46F9-8CDF-D48D9C2CA576}.Debug|Any CPU.Build.0 = Debug|Any CPU
		{67384340-1DA2-46F9-8CDF-D48D9C2CA576}.Release|Any CPU.ActiveCfg = Release|Any CPU
		{67384340-1DA2-46F9-8CDF-D48D9C2CA576}.Release|Any CPU.Build.0 = Release|Any CPU
		{B9534432-E22A-4B39-B3BC-703ACD92C323}.Debug|Any CPU.ActiveCfg = Debug|Any CPU
		{B9534432-E22A-4B39-B3BC-703ACD92C323}.Debug|Any CPU.Build.0 = Debug|Any CPU
		{B9534432-E22A-4B39-B3BC-703ACD92C323}.Release|Any CPU.ActiveCfg = Release|Any CPU
		{B9534432-E22A-4B39-B3BC-703ACD92C323}.Release|Any CPU.Build.0 = Release|Any CPU
		{8B9930CC-2626-4CE3-AF4E-FCDABAE741C7}.Debug|Any CPU.ActiveCfg = Debug|Any CPU
		{8B9930CC-2626-4CE3-AF4E-FCDABAE741C7}.Debug|Any CPU.Build.0 = Debug|Any CPU
		{8B9930CC-2626-4CE3-AF4E-FCDABAE741C7}.Release|Any CPU.ActiveCfg = Release|Any CPU
		{8B9930CC-2626-4CE3-AF4E-FCDABAE741C7}.Release|Any CPU.Build.0 = Release|Any CPU
		{26CF5B90-96A2-4273-86B8-8105ACB3BF63}.Debug|Any CPU.ActiveCfg = Debug|Any CPU
		{26CF5B90-96A2-4273-86B8-8105ACB3BF63}.Debug|Any CPU.Build.0 = Debug|Any CPU
		{26CF5B90-96A2-4273-86B8-8105ACB3BF63}.Release|Any CPU.ActiveCfg = Release|Any CPU
		{26CF5B90-96A2-4273-86B8-8105ACB3BF63}.Release|Any CPU.Build.0 = Release|Any CPU
		{B65D313B-29A1-4580-AC38-9D03ABD07FDE}.Debug|Any CPU.ActiveCfg = Debug|Any CPU
		{B65D313B-29A1-4580-AC38-9D03ABD07FDE}.Debug|Any CPU.Build.0 = Debug|Any CPU
		{B65D313B-29A1-4580-AC38-9D03ABD07FDE}.Release|Any CPU.ActiveCfg = Release|Any CPU
		{B65D313B-29A1-4580-AC38-9D03ABD07FDE}.Release|Any CPU.Build.0 = Release|Any CPU
		{22B5AD80-9284-4B5B-B166-EE76BBB38051}.Debug|Any CPU.ActiveCfg = Debug|Any CPU
		{22B5AD80-9284-4B5B-B166-EE76BBB38051}.Debug|Any CPU.Build.0 = Debug|Any CPU
		{22B5AD80-9284-4B5B-B166-EE76BBB38051}.Release|Any CPU.ActiveCfg = Release|Any CPU
		{22B5AD80-9284-4B5B-B166-EE76BBB38051}.Release|Any CPU.Build.0 = Release|Any CPU
		{6C5874E9-057A-4C5E-AE3E-A8B563758DEA}.Debug|Any CPU.ActiveCfg = Debug|Any CPU
		{6C5874E9-057A-4C5E-AE3E-A8B563758DEA}.Debug|Any CPU.Build.0 = Debug|Any CPU
		{6C5874E9-057A-4C5E-AE3E-A8B563758DEA}.Release|Any CPU.ActiveCfg = Release|Any CPU
		{6C5874E9-057A-4C5E-AE3E-A8B563758DEA}.Release|Any CPU.Build.0 = Release|Any CPU
		{DF4D260D-1BC7-4D23-85DD-04B9B8435049}.Debug|Any CPU.ActiveCfg = Debug|Any CPU
		{DF4D260D-1BC7-4D23-85DD-04B9B8435049}.Debug|Any CPU.Build.0 = Debug|Any CPU
		{DF4D260D-1BC7-4D23-85DD-04B9B8435049}.Release|Any CPU.ActiveCfg = Release|Any CPU
		{DF4D260D-1BC7-4D23-85DD-04B9B8435049}.Release|Any CPU.Build.0 = Release|Any CPU
	EndGlobalSection
	GlobalSection(SolutionProperties) = preSolution
		HideSolutionNode = FALSE
	EndGlobalSection
	GlobalSection(NestedProjects) = preSolution
		{F7AA21A4-F229-41B9-9393-0A8F1BFBB087} = {32A90265-CB88-4344-A859-826A4A9630F3}
		{E11696A6-2A0C-4E2A-BD6F-A2B591C577D9} = {2F705D87-504E-4043-9F54-E09544EE9F9F}
		{67384340-1DA2-46F9-8CDF-D48D9C2CA576} = {2F705D87-504E-4043-9F54-E09544EE9F9F}
		{B9534432-E22A-4B39-B3BC-703ACD92C323} = {2F705D87-504E-4043-9F54-E09544EE9F9F}
		{8B9930CC-2626-4CE3-AF4E-FCDABAE741C7} = {2F705D87-504E-4043-9F54-E09544EE9F9F}
		{26CF5B90-96A2-4273-86B8-8105ACB3BF63} = {27A27F86-DE0A-4418-B984-C98CFC7A5EB5}
		{B65D313B-29A1-4580-AC38-9D03ABD07FDE} = {2F705D87-504E-4043-9F54-E09544EE9F9F}
		{22B5AD80-9284-4B5B-B166-EE76BBB38051} = {940B8109-90E9-45B8-B2A3-7E2CB560CCA2}
		{6C5874E9-057A-4C5E-AE3E-A8B563758DEA} = {2F705D87-504E-4043-9F54-E09544EE9F9F}
		{DF4D260D-1BC7-4D23-85DD-04B9B8435049} = {2F705D87-504E-4043-9F54-E09544EE9F9F}
	EndGlobalSection
	GlobalSection(ExtensibilityGlobals) = postSolution
		SolutionGuid = {68C21BC5-BB1B-4754-B83C-4EDA08ACCD7F}
	EndGlobalSection
EndGlobal
